
Microsoft Visual Studio Solution File, Format Version 12.00
# Visual Studio 15
VisualStudioVersion = 15.0.28307.1022
MinimumVisualStudioVersion = 10.0.40219.1
Project("{FAE04EC0-301F-11D3-BF4B-00C04F79EFBC}") = "xBot", "xBot\xBot.csproj", "{ABEF3D37-775E-48C3-950C-5D291A5EF40D}"
EndProject
Global
	GlobalSection(SolutionConfigurationPlatforms) = preSolution
		Debug|Any CPU = Debug|Any CPU
		Release|Any CPU = Release|Any CPU
	EndGlobalSection
	GlobalSection(ProjectConfigurationPlatforms) = postSolution
		{ABEF3D37-775E-48C3-950C-5D291A5EF40D}.Debug|Any CPU.ActiveCfg = Debug|Any CPU
		{ABEF3D37-775E-48C3-950C-5D291A5EF40D}.Debug|Any CPU.Build.0 = Debug|Any CPU
		{ABEF3D37-775E-48C3-950C-5D291A5EF40D}.Release|Any CPU.ActiveCfg = Release|Any CPU
		{ABEF3D37-775E-48C3-950C-5D291A5EF40D}.Release|Any CPU.Build.0 = Release|Any CPU
	EndGlobalSection
	GlobalSection(SolutionProperties) = preSolution
		HideSolutionNode = FALSE
	EndGlobalSection
	GlobalSection(ExtensibilityGlobals) = postSolution
		SolutionGuid = {43934ED0-49D3-4E7E-9DC7-620DD21392E7}
	EndGlobalSection
EndGlobal
